# This file is automatically @generated by Cargo.
# It is not intended for manual editing.
version = 3

[[package]]
name = "bytecount"
version = "0.6.4"
source = "registry+https://github.com/rust-lang/crates.io-index"
checksum = "ad152d03a2c813c80bb94fedbf3a3f02b28f793e39e7c214c8a0bcc196343de7"

[[package]]
name = "source_analyzer"
version = "0.1.0"
dependencies = [
 "bytecount",
]
